
Microsoft Visual Studio Solution File, Format Version 12.00
# Visual Studio 15
VisualStudioVersion = 15.0.26124.0
MinimumVisualStudioVersion = 15.0.26124.0
Project("{9A19103F-16F7-4668-BE54-9A1E7A4F7556}") = "LookerSdk", "LookerSdk\LookerSdk.csproj", "{62AEDFE2-37D2-4A43-B05F-1853A8344535}"
EndProject
Project("{9A19103F-16F7-4668-BE54-9A1E7A4F7556}") = "LookerSdk.Tests", "LookerSdk.Tests\LookerSdk.Tests.csproj", "{692E3197-1BB6-4922-8CF7-66F22482988B}"
EndProject
Global
	GlobalSection(SolutionConfigurationPlatforms) = preSolution
		Debug|Any CPU = Debug|Any CPU
		Debug|x64 = Debug|x64
		Debug|x86 = Debug|x86
		Release|Any CPU = Release|Any CPU
		Release|x64 = Release|x64
		Release|x86 = Release|x86
	EndGlobalSection
	GlobalSection(ProjectConfigurationPlatforms) = postSolution
		{62AEDFE2-37D2-4A43-B05F-1853A8344535}.Debug|Any CPU.ActiveCfg = Debug|Any CPU
		{62AEDFE2-37D2-4A43-B05F-1853A8344535}.Debug|Any CPU.Build.0 = Debug|Any CPU
		{62AEDFE2-37D2-4A43-B05F-1853A8344535}.Debug|x64.ActiveCfg = Debug|Any CPU
		{62AEDFE2-37D2-4A43-B05F-1853A8344535}.Debug|x64.Build.0 = Debug|Any CPU
		{62AEDFE2-37D2-4A43-B05F-1853A8344535}.Debug|x86.ActiveCfg = Debug|Any CPU
		{62AEDFE2-37D2-4A43-B05F-1853A8344535}.Debug|x86.Build.0 = Debug|Any CPU
		{62AEDFE2-37D2-4A43-B05F-1853A8344535}.Release|Any CPU.ActiveCfg = Release|Any CPU
		{62AEDFE2-37D2-4A43-B05F-1853A8344535}.Release|Any CPU.Build.0 = Release|Any CPU
		{62AEDFE2-37D2-4A43-B05F-1853A8344535}.Release|x64.ActiveCfg = Release|Any CPU
		{62AEDFE2-37D2-4A43-B05F-1853A8344535}.Release|x64.Build.0 = Release|Any CPU
		{62AEDFE2-37D2-4A43-B05F-1853A8344535}.Release|x86.ActiveCfg = Release|Any CPU
		{62AEDFE2-37D2-4A43-B05F-1853A8344535}.Release|x86.Build.0 = Release|Any CPU
		{692E3197-1BB6-4922-8CF7-66F22482988B}.Debug|Any CPU.ActiveCfg = Debug|Any CPU
		{692E3197-1BB6-4922-8CF7-66F22482988B}.Debug|Any CPU.Build.0 = Debug|Any CPU
		{692E3197-1BB6-4922-8CF7-66F22482988B}.Debug|x64.ActiveCfg = Debug|Any CPU
		{692E3197-1BB6-4922-8CF7-66F22482988B}.Debug|x64.Build.0 = Debug|Any CPU
		{692E3197-1BB6-4922-8CF7-66F22482988B}.Debug|x86.ActiveCfg = Debug|Any CPU
		{692E3197-1BB6-4922-8CF7-66F22482988B}.Debug|x86.Build.0 = Debug|Any CPU
		{692E3197-1BB6-4922-8CF7-66F22482988B}.Release|Any CPU.ActiveCfg = Release|Any CPU
		{692E3197-1BB6-4922-8CF7-66F22482988B}.Release|Any CPU.Build.0 = Release|Any CPU
		{692E3197-1BB6-4922-8CF7-66F22482988B}.Release|x64.ActiveCfg = Release|Any CPU
		{692E3197-1BB6-4922-8CF7-66F22482988B}.Release|x64.Build.0 = Release|Any CPU
		{692E3197-1BB6-4922-8CF7-66F22482988B}.Release|x86.ActiveCfg = Release|Any CPU
		{692E3197-1BB6-4922-8CF7-66F22482988B}.Release|x86.Build.0 = Release|Any CPU
	EndGlobalSection
	GlobalSection(SolutionProperties) = preSolution
		HideSolutionNode = FALSE
	EndGlobalSection
	GlobalSection(ExtensibilityGlobals) = postSolution
		SolutionGuid = {74969703-84D1-45C6-9CCC-BCDC0E554320}
	EndGlobalSection
EndGlobal
